
Microsoft Visual Studio Solution File, Format Version 12.00
# Visual Studio Version 17
VisualStudioVersion = 17.5.33516.290
MinimumVisualStudioVersion = 10.0.40219.1
Project("{FAE04EC0-301F-11D3-BF4B-00C04F79EFBC}") = "csharp-cibi-preferiti", "csharp-cibi-preferiti\csharp-cibi-preferiti.csproj", "{77B4C97F-9EE7-4581-95F0-EA542ED11D2A}"
EndProject
Global
	GlobalSection(SolutionConfigurationPlatforms) = preSolution
		Debug|Any CPU = Debug|Any CPU
		Release|Any CPU = Release|Any CPU
	EndGlobalSection
	GlobalSection(ProjectConfigurationPlatforms) = postSolution
		{77B4C97F-9EE7-4581-95F0-EA542ED11D2A}.Debug|Any CPU.ActiveCfg = Debug|Any CPU
		{77B4C97F-9EE7-4581-95F0-EA542ED11D2A}.Debug|Any CPU.Build.0 = Debug|Any CPU
		{77B4C97F-9EE7-4581-95F0-EA542ED11D2A}.Release|Any CPU.ActiveCfg = Release|Any CPU
		{77B4C97F-9EE7-4581-95F0-EA542ED11D2A}.Release|Any CPU.Build.0 = Release|Any CPU
	EndGlobalSection
	GlobalSection(SolutionProperties) = preSolution
		HideSolutionNode = FALSE
	EndGlobalSection
	GlobalSection(ExtensibilityGlobals) = postSolution
		SolutionGuid = {A60F7BF8-8598-4A12-B836-1AB4B7F73398}
	EndGlobalSection
EndGlobal
